{
  "sources": {
    "apache2": {
      "locked_version": "1.6.2"
    },
    "apt": {
      "locked_version": "1.9.2"
    },
    "aws": {
      "locked_version": "0.101.0"
    },
    "build-essential": {
      "locked_version": "1.4.0"
    },
    "database": {
      "locked_version": "1.4.0"
    },
    "erlang": {
      "locked_version": "1.3.0"
    },
    "mysql": {
      "locked_version": "3.0.0"
    },
    "openssl": {
      "locked_version": "1.0.2"
    },
    "postgresql": {
      "locked_version": "3.0.0"
    },
    "rabbitmq": {
      "locked_version": "2.1.0"
    },
    "xfs": {
      "locked_version": "1.1.0"
    },
    "yum": {
      "locked_version": "2.2.2"
    },
    "openstack-block-storage": {
      "locked_version": "7.0.0",
      "git": "git://github.com/paulczar/cookbook-openstack-block-storage.git",
      "ref": "a1fe732c54dd8570517c31f2fd82d2623db392ba"
    },
    "openstack-common": {
      "locked_version": "0.4.0",
      "git": "git://github.com/stackforge/cookbook-openstack-common.git",
      "ref": "686dbdc48a43f5b5fff0fe1f2b89135bf8d10761"
    },
    "openstack-compute": {
      "locked_version": "7.0.0",
      "git": "git://github.com/paulczar/cookbook-openstack-compute.git",
      "ref": "64d9a4e168691b3556f7ac1e2faaa1e626106cf7"
    },
    "openstack-dashboard": {
      "locked_version": "7.0.0",
      "git": "git://github.com/paulczar/cookbook-openstack-dashboard.git",
      "ref": "1051d4a6f2960ca59793789039a263f763e31464"
    },
    "openstack-identity": {
      "locked_version": "7.0.0",
      "git": "git://github.com/paulczar/cookbook-openstack-identity.git",
      "ref": "bbfc2f6cac9539c3e4ed10189b3d75a3246cd462"
    },
    "openstack-image": {
      "locked_version": "7.0.0",
      "git": "git://github.com/paulczar/cookbook-openstack-image.git",
      "ref": "c06c440a371e4b8602a2de54b21e4c6a82a0fbf3"
    },
    "openstack-network": {
      "locked_version": "7.0.0",
      "git": "git://github.com/paulczar/cookbook-openstack-network.git",
      "ref": "d066e521018974b0665be502d3532a0b8cfdaf60"
    },
    "openstack-object-storage": {
      "locked_version": "1.0.16",
      "git": "git://github.com/stackforge/cookbook-openstack-object-storage.git",
      "ref": "fe10aaeeb99d555b5929bb0767688373dafd220c"
    },
    "openstack-ops-database": {
      "locked_version": "7.0.0",
      "git": "git://github.com/paulczar/cookbook-openstack-ops-database.git",
      "ref": "8e6bbf23eca074973001013a7edc12f095574b7c"
    },
    "openstack-ops-messaging": {
      "locked_version": "7.0.0",
      "git": "git://github.com/paulczar/cookbook-openstack-ops-messaging.git",
      "ref": "d57a3c64e09cd5e5ce7bcbf0cb84c9bbf67cab9a"
    },
    "selinux": {
      "locked_version": "0.5.6"
    },
    "sysctl": {
      "locked_version": "0.3.3"
    },
    "python": {
      "locked_version": "1.3.6"
    },
    "memcached": {
      "locked_version": "1.4.0"
    },
    "runit": {
      "locked_version": "1.1.6"
    },
    "statsd": {
      "locked_version": "0.0.1"
    },
    "git": {
      "locked_version": "2.5.2"
    },
    "dmg": {
      "locked_version": "1.1.0"
    },
    "windows": {
      "locked_version": "1.10.0"
    },
    "chef_handler": {
      "locked_version": "1.1.4"
    }
  }
}
